PODS:
  - BFTaskPromise (2.2.0):
    - Bolts/Tasks (~> 1.9)
  - Bolts/Tasks (1.9.1)

DEPENDENCIES:
  - BFTaskPromise (from `../../`)

SPEC REPOS:
  trunk:
    - Bolts

EXTERNAL SOURCES:
  BFTaskPromise:
    :path: "../../"

SPEC CHECKSUMS:
  BFTaskPromise: 8dbdebc01a17a0da23419878877e7367d5239053
  Bolts: 8c1e8aab2f603387b8b9924f57d1d64f43d3ffdc

PODFILE CHECKSUM: 766aba33bf5f3c2865bd3deee8d01a724f21c23d

COCOAPODS: 1.10.1
