// !$*UTF8*$!
{
	archiveVersion = 1;
	classes = {
	};
	objectVersion = 46;
	objects = {

/* Begin PBXBuildFile section */
		500FCC601ADD12D500483B14 /* BFTaskPromiseCppTests.mm in Sources */ = {isa = PBXBuildFile; fileRef = 500FCC5F1ADD12D500483B14 /* BFTaskPromiseCppTests.mm */; };
		50132F941A55970900FEFB30 /* BFTask+PromiseLike.m in Sources */ = {isa = PBXBuildFile; fileRef = 50E9715D19A1CA1A001236EB /* BFTask+PromiseLike.m */; };
		502A5F661B087D1300FAF832 /* SampleViewController.m in Sources */ = {isa = PBXBuildFile; fileRef = 502A5F651B087D1300FAF832 /* SampleViewController.m */; };
		50CB3CE719A7866B0017ABC2 /* XCTestExpectation+OHRetroCompat.m in Sources */ = {isa = PBXBuildFile; fileRef = 50CB3CE619A7866B0017ABC2 /* XCTestExpectation+OHRetroCompat.m */; };
		50DCEF41199EE58400EC94DC /* Foundation.framework in Frameworks */ = {isa = PBXBuildFile; fileRef = 50DCEF40199EE58400EC94DC /* Foundation.framework */; };
		50DCEF43199EE58400EC94DC /* CoreGraphics.framework in Frameworks */ = {isa = PBXBuildFile; fileRef = 50DCEF42199EE58400EC94DC /* CoreGraphics.framework */; };
		50DCEF45199EE58400EC94DC /* UIKit.framework in Frameworks */ = {isa = PBXBuildFile; fileRef = 50DCEF44199EE58400EC94DC /* UIKit.framework */; };
		50DCEF4B199EE58400EC94DC /* InfoPlist.strings in Resources */ = {isa = PBXBuildFile; fileRef = 50DCEF49199EE58400EC94DC /* InfoPlist.strings */; };
		50DCEF4D199EE58400EC94DC /* main.m in Sources */ = {isa = PBXBuildFile; fileRef = 50DCEF4C199EE58400EC94DC /* main.m */; };
		50DCEF51199EE58400EC94DC /* AppDelegate.m in Sources */ = {isa = PBXBuildFile; fileRef = 50DCEF50199EE58400EC94DC /* AppDelegate.m */; };
		50DCEF53199EE58400EC94DC /* Images.xcassets in Resources */ = {isa = PBXBuildFile; fileRef = 50DCEF52199EE58400EC94DC /* Images.xcassets */; };
		50DCEF5A199EE58400EC94DC /* XCTest.framework in Frameworks */ = {isa = PBXBuildFile; fileRef = 50DCEF59199EE58400EC94DC /* XCTest.framework */; };
		50DCEF5B199EE58400EC94DC /* Foundation.framework in Frameworks */ = {isa = PBXBuildFile; fileRef = 50DCEF40199EE58400EC94DC /* Foundation.framework */; };
		50DCEF5C199EE58400EC94DC /* UIKit.framework in Frameworks */ = {isa = PBXBuildFile; fileRef = 50DCEF44199EE58400EC94DC /* UIKit.framework */; };
		50DCEF64199EE58400EC94DC /* InfoPlist.strings in Resources */ = {isa = PBXBuildFile; fileRef = 50DCEF62199EE58400EC94DC /* InfoPlist.strings */; };
		50DCEF66199EE58400EC94DC /* BFTaskPromiseExampleTests.m in Sources */ = {isa = PBXBuildFile; fileRef = 50DCEF65199EE58400EC94DC /* BFTaskPromiseExampleTests.m */; };
		50E9715E19A1CA1A001236EB /* BFTask+PromiseLike.m in Sources */ = {isa = PBXBuildFile; fileRef = 50E9715D19A1CA1A001236EB /* BFTask+PromiseLike.m */; };
		7068DB2A2CB9FD310C818679 /* libPods-BFTaskPromiseExample.a in Frameworks */ = {isa = PBXBuildFile; fileRef = 84AE5E18140601A5D84D1491 /* libPods-BFTaskPromiseExample.a */; };
		AA975B774F6BAB89CBBF5FC6 /* libPods-BFTaskPromiseExampleTests.a in Frameworks */ = {isa = PBXBuildFile; fileRef = 8F368123E4D055378AB0D5DC /* libPods-BFTaskPromiseExampleTests.a */; };
/* End PBXBuildFile section */

/* Begin PBXContainerItemProxy section */
		50DCEF5D199EE58400EC94DC /* PBXContainerItemProxy */ = {
			isa = PBXContainerItemProxy;
			containerPortal = 50DCEF35199EE58400EC94DC /* Project object */;
			proxyType = 1;
			remoteGlobalIDString = 50DCEF3C199EE58400EC94DC;
			remoteInfo = BFTaskPromiseExample;
		};
/* End PBXContainerItemProxy section */

/* Begin PBXFileReference section */
		006F9A4B65DDEF532AF2B223 /* Pods-BFTaskPromiseExampleTests.release.xcconfig */ = {isa = PBXFileReference; includeInIndex = 1; lastKnownFileType = text.xcconfig; name = "Pods-BFTaskPromiseExampleTests.release.xcconfig"; path = "Pods/Target Support Files/Pods-BFTaskPromiseExampleTests/Pods-BFTaskPromiseExampleTests.release.xcconfig"; sourceTree = "<group>"; };
		500FCC5F1ADD12D500483B14 /* BFTaskPromiseCppTests.mm */ = {isa = PBXFileReference; fileEncoding = 4; lastKnownFileType = sourcecode.cpp.objcpp; path = BFTaskPromiseCppTests.mm; sourceTree = "<group>"; };
		502A5F641B087D1300FAF832 /* SampleViewController.h */ = {isa = PBXFileReference; fileEncoding = 4; lastKnownFileType = sourcecode.c.h; path = SampleViewController.h; sourceTree = "<group>"; };
		502A5F651B087D1300FAF832 /* SampleViewController.m */ = {isa = PBXFileReference; fileEncoding = 4; lastKnownFileType = sourcecode.c.objc; path = SampleViewController.m; sourceTree = "<group>"; };
		50CB3CE519A7866B0017ABC2 /* XCTestExpectation+OHRetroCompat.h */ = {isa = PBXFileReference; fileEncoding = 4; lastKnownFileType = sourcecode.c.h; path = "XCTestExpectation+OHRetroCompat.h"; sourceTree = "<group>"; };
		50CB3CE619A7866B0017ABC2 /* XCTestExpectation+OHRetroCompat.m */ = {isa = PBXFileReference; fileEncoding = 4; lastKnownFileType = sourcecode.c.objc; path = "XCTestExpectation+OHRetroCompat.m"; sourceTree = "<group>"; };
		50DCEF3D199EE58400EC94DC /* BFTaskPromiseExample.app */ = {isa = PBXFileReference; explicitFileType = wrapper.application; includeInIndex = 0; path = BFTaskPromiseExample.app; sourceTree = BUILT_PRODUCTS_DIR; };
		50DCEF40199EE58400EC94DC /* Foundation.framework */ = {isa = PBXFileReference; lastKnownFileType = wrapper.framework; name = Foundation.framework; path = System/Library/Frameworks/Foundation.framework; sourceTree = SDKROOT; };
		50DCEF42199EE58400EC94DC /* CoreGraphics.framework */ = {isa = PBXFileReference; lastKnownFileType = wrapper.framework; name = CoreGraphics.framework; path = System/Library/Frameworks/CoreGraphics.framework; sourceTree = SDKROOT; };
		50DCEF44199EE58400EC94DC /* UIKit.framework */ = {isa = PBXFileReference; lastKnownFileType = wrapper.framework; name = UIKit.framework; path = System/Library/Frameworks/UIKit.framework; sourceTree = SDKROOT; };
		50DCEF48199EE58400EC94DC /* BFTaskPromiseExample-Info.plist */ = {isa = PBXFileReference; lastKnownFileType = text.plist.xml; path = "BFTaskPromiseExample-Info.plist"; sourceTree = "<group>"; };
		50DCEF4A199EE58400EC94DC /* en */ = {isa = PBXFileReference; lastKnownFileType = text.plist.strings; name = en; path = en.lproj/InfoPlist.strings; sourceTree = "<group>"; };
		50DCEF4C199EE58400EC94DC /* main.m */ = {isa = PBXFileReference; lastKnownFileType = sourcecode.c.objc; path = main.m; sourceTree = "<group>"; };
		50DCEF4E199EE58400EC94DC /* BFTaskPromiseExample-Prefix.pch */ = {isa = PBXFileReference; lastKnownFileType = sourcecode.c.h; path = "BFTaskPromiseExample-Prefix.pch"; sourceTree = "<group>"; };
		50DCEF4F199EE58400EC94DC /* AppDelegate.h */ = {isa = PBXFileReference; lastKnownFileType = sourcecode.c.h; path = AppDelegate.h; sourceTree = "<group>"; };
		50DCEF50199EE58400EC94DC /* AppDelegate.m */ = {isa = PBXFileReference; lastKnownFileType = sourcecode.c.objc; path = AppDelegate.m; sourceTree = "<group>"; };
		50DCEF52199EE58400EC94DC /* Images.xcassets */ = {isa = PBXFileReference; lastKnownFileType = folder.assetcatalog; path = Images.xcassets; sourceTree = "<group>"; };
		50DCEF58199EE58400EC94DC /* BFTaskPromiseExampleTests.xctest */ = {isa = PBXFileReference; explicitFileType = wrapper.cfbundle; includeInIndex = 0; path = BFTaskPromiseExampleTests.xctest; sourceTree = BUILT_PRODUCTS_DIR; };
		50DCEF59199EE58400EC94DC /* XCTest.framework */ = {isa = PBXFileReference; lastKnownFileType = wrapper.framework; name = XCTest.framework; path = Library/Frameworks/XCTest.framework; sourceTree = DEVELOPER_DIR; };
		50DCEF61199EE58400EC94DC /* BFTaskPromiseExampleTests-Info.plist */ = {isa = PBXFileReference; lastKnownFileType = text.plist.xml; path = "BFTaskPromiseExampleTests-Info.plist"; sourceTree = "<group>"; };
		50DCEF63199EE58400EC94DC /* en */ = {isa = PBXFileReference; lastKnownFileType = text.plist.strings; name = en; path = en.lproj/InfoPlist.strings; sourceTree = "<group>"; };
		50DCEF65199EE58400EC94DC /* BFTaskPromiseExampleTests.m */ = {isa = PBXFileReference; lastKnownFileType = sourcecode.c.objc; path = BFTaskPromiseExampleTests.m; sourceTree = "<group>"; };
		50E9715C19A1CA1A001236EB /* BFTask+PromiseLike.h */ = {isa = PBXFileReference; fileEncoding = 4; lastKnownFileType = sourcecode.c.h; path = "BFTask+PromiseLike.h"; sourceTree = "<group>"; };
		50E9715D19A1CA1A001236EB /* BFTask+PromiseLike.m */ = {isa = PBXFileReference; fileEncoding = 4; lastKnownFileType = sourcecode.c.objc; path = "BFTask+PromiseLike.m"; sourceTree = "<group>"; };
		84AE5E18140601A5D84D1491 /* libPods-BFTaskPromiseExample.a */ = {isa = PBXFileReference; explicitFileType = archive.ar; includeInIndex = 0; path = "libPods-BFTaskPromiseExample.a"; sourceTree = BUILT_PRODUCTS_DIR; };
		8F368123E4D055378AB0D5DC /* libPods-BFTaskPromiseExampleTests.a */ = {isa = PBXFileReference; explicitFileType = archive.ar; includeInIndex = 0; path = "libPods-BFTaskPromiseExampleTests.a"; sourceTree = BUILT_PRODUCTS_DIR; };
		A6E6F45DFEA22A06E8A055F3 /* Pods-BFTaskPromiseExample.debug.xcconfig */ = {isa = PBXFileReference; includeInIndex = 1; lastKnownFileType = text.xcconfig; name = "Pods-BFTaskPromiseExample.debug.xcconfig"; path = "Pods/Target Support Files/Pods-BFTaskPromiseExample/Pods-BFTaskPromiseExample.debug.xcconfig"; sourceTree = "<group>"; };
		E41082157BCEAAE4606F23C3 /* Pods-BFTaskPromiseExample.release.xcconfig */ = {isa = PBXFileReference; includeInIndex = 1; lastKnownFileType = text.xcconfig; name = "Pods-BFTaskPromiseExample.release.xcconfig"; path = "Pods/Target Support Files/Pods-BFTaskPromiseExample/Pods-BFTaskPromiseExample.release.xcconfig"; sourceTree = "<group>"; };
		FE599E2BC16603292C44AC65 /* Pods-BFTaskPromiseExampleTests.debug.xcconfig */ = {isa = PBXFileReference; includeInIndex = 1; lastKnownFileType = text.xcconfig; name = "Pods-BFTaskPromiseExampleTests.debug.xcconfig"; path = "Pods/Target Support Files/Pods-BFTaskPromiseExampleTests/Pods-BFTaskPromiseExampleTests.debug.xcconfig"; sourceTree = "<group>"; };
/* End PBXFileReference section */

/* Begin PBXFrameworksBuildPhase section */
		50DCEF3A199EE58400EC94DC /* Frameworks */ = {
			isa = PBXFrameworksBuildPhase;
			buildActionMask = 2147483647;
			files = (
				50DCEF43199EE58400EC94DC /* CoreGraphics.framework in Frameworks */,
				50DCEF45199EE58400EC94DC /* UIKit.framework in Frameworks */,
				50DCEF41199EE58400EC94DC /* Foundation.framework in Frameworks */,
				7068DB2A2CB9FD310C818679 /* libPods-BFTaskPromiseExample.a in Frameworks */,
			);
			runOnlyForDeploymentPostprocessing = 0;
		};
		50DCEF55199EE58400EC94DC /* Frameworks */ = {
			isa = PBXFrameworksBuildPhase;
			buildActionMask = 2147483647;
			files = (
				50DCEF5A199EE58400EC94DC /* XCTest.framework in Frameworks */,
				50DCEF5C199EE58400EC94DC /* UIKit.framework in Frameworks */,
				50DCEF5B199EE58400EC94DC /* Foundation.framework in Frameworks */,
				AA975B774F6BAB89CBBF5FC6 /* libPods-BFTaskPromiseExampleTests.a in Frameworks */,
			);
			runOnlyForDeploymentPostprocessing = 0;
		};
/* End PBXFrameworksBuildPhase section */

/* Begin PBXGroup section */
		50CB3CE419A786550017ABC2 /* XCTestExpectation+Xcode5 */ = {
			isa = PBXGroup;
			children = (
				50CB3CE519A7866B0017ABC2 /* XCTestExpectation+OHRetroCompat.h */,
				50CB3CE619A7866B0017ABC2 /* XCTestExpectation+OHRetroCompat.m */,
			);
			path = "XCTestExpectation+Xcode5";
			sourceTree = "<group>";
		};
		50DCEF34199EE58400EC94DC = {
			isa = PBXGroup;
			children = (
				50E9715B19A1C9B2001236EB /* Classes */,
				50DCEF46199EE58400EC94DC /* BFTaskPromiseExample */,
				50DCEF5F199EE58400EC94DC /* BFTaskPromiseExampleTests */,
				50DCEF3F199EE58400EC94DC /* Frameworks */,
				50DCEF3E199EE58400EC94DC /* Products */,
				C79855277C0E1079B440461C /* Pods */,
			);
			sourceTree = "<group>";
		};
		50DCEF3E199EE58400EC94DC /* Products */ = {
			isa = PBXGroup;
			children = (
				50DCEF3D199EE58400EC94DC /* BFTaskPromiseExample.app */,
				50DCEF58199EE58400EC94DC /* BFTaskPromiseExampleTests.xctest */,
			);
			name = Products;
			sourceTree = "<group>";
		};
		50DCEF3F199EE58400EC94DC /* Frameworks */ = {
			isa = PBXGroup;
			children = (
				50DCEF40199EE58400EC94DC /* Foundation.framework */,
				50DCEF42199EE58400EC94DC /* CoreGraphics.framework */,
				50DCEF44199EE58400EC94DC /* UIKit.framework */,
				50DCEF59199EE58400EC94DC /* XCTest.framework */,
				84AE5E18140601A5D84D1491 /* libPods-BFTaskPromiseExample.a */,
				8F368123E4D055378AB0D5DC /* libPods-BFTaskPromiseExampleTests.a */,
			);
			name = Frameworks;
			sourceTree = "<group>";
		};
		50DCEF46199EE58400EC94DC /* BFTaskPromiseExample */ = {
			isa = PBXGroup;
			children = (
				50DCEF4F199EE58400EC94DC /* AppDelegate.h */,
				50DCEF50199EE58400EC94DC /* AppDelegate.m */,
				502A5F641B087D1300FAF832 /* SampleViewController.h */,
				502A5F651B087D1300FAF832 /* SampleViewController.m */,
				50DCEF52199EE58400EC94DC /* Images.xcassets */,
				50DCEF47199EE58400EC94DC /* Supporting Files */,
			);
			path = BFTaskPromiseExample;
			sourceTree = "<group>";
		};
		50DCEF47199EE58400EC94DC /* Supporting Files */ = {
			isa = PBXGroup;
			children = (
				50DCEF48199EE58400EC94DC /* BFTaskPromiseExample-Info.plist */,
				50DCEF49199EE58400EC94DC /* InfoPlist.strings */,
				50DCEF4C199EE58400EC94DC /* main.m */,
				50DCEF4E199EE58400EC94DC /* BFTaskPromiseExample-Prefix.pch */,
			);
			name = "Supporting Files";
			sourceTree = "<group>";
		};
		50DCEF5F199EE58400EC94DC /* BFTaskPromiseExampleTests */ = {
			isa = PBXGroup;
			children = (
				50DCEF65199EE58400EC94DC /* BFTaskPromiseExampleTests.m */,
				500FCC5F1ADD12D500483B14 /* BFTaskPromiseCppTests.mm */,
				50CB3CE419A786550017ABC2 /* XCTestExpectation+Xcode5 */,
				50DCEF60199EE58400EC94DC /* Supporting Files */,
			);
			path = BFTaskPromiseExampleTests;
			sourceTree = "<group>";
		};
		50DCEF60199EE58400EC94DC /* Supporting Files */ = {
			isa = PBXGroup;
			children = (
				50DCEF61199EE58400EC94DC /* BFTaskPromiseExampleTests-Info.plist */,
				50DCEF62199EE58400EC94DC /* InfoPlist.strings */,
			);
			name = "Supporting Files";
			sourceTree = "<group>";
		};
		50E9715B19A1C9B2001236EB /* Classes */ = {
			isa = PBXGroup;
			children = (
				50E9715C19A1CA1A001236EB /* BFTask+PromiseLike.h */,
				50E9715D19A1CA1A001236EB /* BFTask+PromiseLike.m */,
			);
			name = Classes;
			path = ../../Classes;
			sourceTree = "<group>";
		};
		C79855277C0E1079B440461C /* Pods */ = {
			isa = PBXGroup;
			children = (
				A6E6F45DFEA22A06E8A055F3 /* Pods-BFTaskPromiseExample.debug.xcconfig */,
				E41082157BCEAAE4606F23C3 /* Pods-BFTaskPromiseExample.release.xcconfig */,
				FE599E2BC16603292C44AC65 /* Pods-BFTaskPromiseExampleTests.debug.xcconfig */,
				006F9A4B65DDEF532AF2B223 /* Pods-BFTaskPromiseExampleTests.release.xcconfig */,
			);
			name = Pods;
			sourceTree = "<group>";
		};
/* End PBXGroup section */

/* Begin PBXNativeTarget section */
		50DCEF3C199EE58400EC94DC /* BFTaskPromiseExample */ = {
			isa = PBXNativeTarget;
			buildConfigurationList = 50DCEF69199EE58400EC94DC /* Build configuration list for PBXNativeTarget "BFTaskPromiseExample" */;
			buildPhases = (
				192D6D08483A97EED98BCB51 /* 📦 Check Pods Manifest.lock */,
				50DCEF39199EE58400EC94DC /* Sources */,
				50DCEF3A199EE58400EC94DC /* Frameworks */,
				50DCEF3B199EE58400EC94DC /* Resources */,
				0C5FE611892A14D07FE216B3 /* 📦 Embed Pods Frameworks */,
				3AF7BEC1EB27BABBFD2434A6 /* 📦 Copy Pods Resources */,
			);
			buildRules = (
			);
			dependencies = (
			);
			name = BFTaskPromiseExample;
			productName = BFTaskPromiseExample;
			productReference = 50DCEF3D199EE58400EC94DC /* BFTaskPromiseExample.app */;
			productType = "com.apple.product-type.application";
		};
		50DCEF57199EE58400EC94DC /* BFTaskPromiseExampleTests */ = {
			isa = PBXNativeTarget;
			buildConfigurationList = 50DCEF6C199EE58400EC94DC /* Build configuration list for PBXNativeTarget "BFTaskPromiseExampleTests" */;
			buildPhases = (
				B0B6BE3D0F276B9D0EDD4054 /* 📦 Check Pods Manifest.lock */,
				50DCEF54199EE58400EC94DC /* Sources */,
				50DCEF55199EE58400EC94DC /* Frameworks */,
				50DCEF56199EE58400EC94DC /* Resources */,
				D945FE172DACB4CCF05C3538 /* 📦 Embed Pods Frameworks */,
				8373363168136659D68CFC86 /* 📦 Copy Pods Resources */,
			);
			buildRules = (
			);
			dependencies = (
				50DCEF5E199EE58400EC94DC /* PBXTargetDependency */,
			);
			name = BFTaskPromiseExampleTests;
			productName = BFTaskPromiseExampleTests;
			productReference = 50DCEF58199EE58400EC94DC /* BFTaskPromiseExampleTests.xctest */;
			productType = "com.apple.product-type.bundle.unit-test";
		};
/* End PBXNativeTarget section */

/* Begin PBXProject section */
		50DCEF35199EE58400EC94DC /* Project object */ = {
			isa = PBXProject;
			attributes = {
				LastUpgradeCheck = 0510;
				ORGANIZATIONNAME = Hironytic;
				TargetAttributes = {
					50DCEF57199EE58400EC94DC = {
						TestTargetID = 50DCEF3C199EE58400EC94DC;
					};
				};
			};
			buildConfigurationList = 50DCEF38199EE58400EC94DC /* Build configuration list for PBXProject "BFTaskPromiseExample" */;
			compatibilityVersion = "Xcode 3.2";
			developmentRegion = English;
			hasScannedForEncodings = 0;
			knownRegions = (
				en,
			);
			mainGroup = 50DCEF34199EE58400EC94DC;
			productRefGroup = 50DCEF3E199EE58400EC94DC /* Products */;
			projectDirPath = "";
			projectRoot = "";
			targets = (
				50DCEF3C199EE58400EC94DC /* BFTaskPromiseExample */,
				50DCEF57199EE58400EC94DC /* BFTaskPromiseExampleTests */,
			);
		};
/* End PBXProject section */

/* Begin PBXResourcesBuildPhase section */
		50DCEF3B199EE58400EC94DC /* Resources */ = {
			isa = PBXResourcesBuildPhase;
			buildActionMask = 2147483647;
			files = (
				50DCEF4B199EE58400EC94DC /* InfoPlist.strings in Resources */,
				50DCEF53199EE58400EC94DC /* Images.xcassets in Resources */,
			);
			runOnlyForDeploymentPostprocessing = 0;
		};
		50DCEF56199EE58400EC94DC /* Resources */ = {
			isa = PBXResourcesBuildPhase;
			buildActionMask = 2147483647;
			files = (
				50DCEF64199EE58400EC94DC /* InfoPlist.strings in Resources */,
			);
			runOnlyForDeploymentPostprocessing = 0;
		};
/* End PBXResourcesBuildPhase section */

/* Begin PBXShellScriptBuildPhase section */
		0C5FE611892A14D07FE216B3 /* 📦 Embed Pods Frameworks */ = {
			isa = PBXShellScriptBuildPhase;
			buildActionMask = 2147483647;
			files = (
			);
			inputPaths = (
			);
			name = "📦 Embed Pods Frameworks";
			outputPaths = (
			);
			runOnlyForDeploymentPostprocessing = 0;
			shellPath = /bin/sh;
			shellScript = "\"${SRCROOT}/Pods/Target Support Files/Pods-BFTaskPromiseExample/Pods-BFTaskPromiseExample-frameworks.sh\"\n";
			showEnvVarsInLog = 0;
		};
		192D6D08483A97EED98BCB51 /* 📦 Check Pods Manifest.lock */ = {
			isa = PBXShellScriptBuildPhase;
			buildActionMask = 2147483647;
			files = (
			);
			inputPaths = (
			);
			name = "📦 Check Pods Manifest.lock";
			outputPaths = (
			);
			runOnlyForDeploymentPostprocessing = 0;
			shellPath = /bin/sh;
			shellScript = "diff \"${PODS_ROOT}/../Podfile.lock\" \"${PODS_ROOT}/Manifest.lock\" > /dev/null\nif [[ $? != 0 ]] ; then\n    cat << EOM\nerror: The sandbox is not in sync with the Podfile.lock. Run 'pod install' or update your CocoaPods installation.\nEOM\n    exit 1\nfi\n";
			showEnvVarsInLog = 0;
		};
		3AF7BEC1EB27BABBFD2434A6 /* 📦 Copy Pods Resources */ = {
			isa = PBXShellScriptBuildPhase;
			buildActionMask = 2147483647;
			files = (
			);
			inputPaths = (
			);
			name = "📦 Copy Pods Resources";
			outputPaths = (
			);
			runOnlyForDeploymentPostprocessing = 0;
			shellPath = /bin/sh;
			shellScript = "\"${SRCROOT}/Pods/Target Support Files/Pods-BFTaskPromiseExample/Pods-BFTaskPromiseExample-resources.sh\"\n";
			showEnvVarsInLog = 0;
		};
		8373363168136659D68CFC86 /* 📦 Copy Pods Resources */ = {
			isa = PBXShellScriptBuildPhase;
			buildActionMask = 2147483647;
			files = (
			);
			inputPaths = (
			);
			name = "📦 Copy Pods Resources";
			outputPaths = (
			);
			runOnlyForDeploymentPostprocessing = 0;
			shellPath = /bin/sh;
			shellScript = "\"${SRCROOT}/Pods/Target Support Files/Pods-BFTaskPromiseExampleTests/Pods-BFTaskPromiseExampleTests-resources.sh\"\n";
			showEnvVarsInLog = 0;
		};
		B0B6BE3D0F276B9D0EDD4054 /* 📦 Check Pods Manifest.lock */ = {
			isa = PBXShellScriptBuildPhase;
			buildActionMask = 2147483647;
			files = (
			);
			inputPaths = (
			);
			name = "📦 Check Pods Manifest.lock";
			outputPaths = (
			);
			runOnlyForDeploymentPostprocessing = 0;
			shellPath = /bin/sh;
			shellScript = "diff \"${PODS_ROOT}/../Podfile.lock\" \"${PODS_ROOT}/Manifest.lock\" > /dev/null\nif [[ $? != 0 ]] ; then\n    cat << EOM\nerror: The sandbox is not in sync with the Podfile.lock. Run 'pod install' or update your CocoaPods installation.\nEOM\n    exit 1\nfi\n";
			showEnvVarsInLog = 0;
		};
		D945FE172DACB4CCF05C3538 /* 📦 Embed Pods Frameworks */ = {
			isa = PBXShellScriptBuildPhase;
			buildActionMask = 2147483647;
			files = (
			);
			inputPaths = (
			);
			name = "📦 Embed Pods Frameworks";
			outputPaths = (
			);
			runOnlyForDeploymentPostprocessing = 0;
			shellPath = /bin/sh;
			shellScript = "\"${SRCROOT}/Pods/Target Support Files/Pods-BFTaskPromiseExampleTests/Pods-BFTaskPromiseExampleTests-frameworks.sh\"\n";
			showEnvVarsInLog = 0;
		};
/* End PBXShellScriptBuildPhase section */

/* Begin PBXSourcesBuildPhase section */
		50DCEF39199EE58400EC94DC /* Sources */ = {
			isa = PBXSourcesBuildPhase;
			buildActionMask = 2147483647;
			files = (
				50DCEF51199EE58400EC94DC /* AppDelegate.m in Sources */,
				50DCEF4D199EE58400EC94DC /* main.m in Sources */,
				502A5F661B087D1300FAF832 /* SampleViewController.m in Sources */,
				50E9715E19A1CA1A001236EB /* BFTask+PromiseLike.m in Sources */,
			);
			runOnlyForDeploymentPostprocessing = 0;
		};
		50DCEF54199EE58400EC94DC /* Sources */ = {
			isa = PBXSourcesBuildPhase;
			buildActionMask = 2147483647;
			files = (
				50DCEF66199EE58400EC94DC /* BFTaskPromiseExampleTests.m in Sources */,
				50132F941A55970900FEFB30 /* BFTask+PromiseLike.m in Sources */,
				500FCC601ADD12D500483B14 /* BFTaskPromiseCppTests.mm in Sources */,
				50CB3CE719A7866B0017ABC2 /* XCTestExpectation+OHRetroCompat.m in Sources */,
			);
			runOnlyForDeploymentPostprocessing = 0;
		};
/* End PBXSourcesBuildPhase section */

/* Begin PBXTargetDependency section */
		50DCEF5E199EE58400EC94DC /* PBXTargetDependency */ = {
			isa = PBXTargetDependency;
			target = 50DCEF3C199EE58400EC94DC /* BFTaskPromiseExample */;
			targetProxy = 50DCEF5D199EE58400EC94DC /* PBXContainerItemProxy */;
		};
/* End PBXTargetDependency section */

/* Begin PBXVariantGroup section */
		50DCEF49199EE58400EC94DC /* InfoPlist.strings */ = {
			isa = PBXVariantGroup;
			children = (
				50DCEF4A199EE58400EC94DC /* en */,
			);
			name = InfoPlist.strings;
			sourceTree = "<group>";
		};
		50DCEF62199EE58400EC94DC /* InfoPlist.strings */ = {
			isa = PBXVariantGroup;
			children = (
				50DCEF63199EE58400EC94DC /* en */,
			);
			name = InfoPlist.strings;
			sourceTree = "<group>";
		};
/* End PBXVariantGroup section */

/* Begin XCBuildConfiguration section */
		50DCEF67199EE58400EC94DC /* Debug */ = {
			isa = XCBuildConfiguration;
			buildSettings = {
				ALWAYS_SEARCH_USER_PATHS = NO;
				CLANG_CXX_LANGUAGE_STANDARD = "gnu++0x";
				CLANG_CXX_LIBRARY = "libc++";
				CLANG_ENABLE_MODULES = YES;
				CLANG_ENABLE_OBJC_ARC = YES;
				CLANG_WARN_BOOL_CONVERSION = YES;
				CLANG_WARN_CONSTANT_CONVERSION = YES;
				CLANG_WARN_DIRECT_OBJC_ISA_USAGE = YES_ERROR;
				CLANG_WARN_EMPTY_BODY = YES;
				CLANG_WARN_ENUM_CONVERSION = YES;
				CLANG_WARN_INT_CONVERSION = YES;
				CLANG_WARN_OBJC_ROOT_CLASS = YES_ERROR;
				CLANG_WARN__DUPLICATE_METHOD_MATCH = YES;
				"CODE_SIGN_IDENTITY[sdk=iphoneos*]" = "iPhone Developer";
				COPY_PHASE_STRIP = NO;
				GCC_C_LANGUAGE_STANDARD = gnu99;
				GCC_DYNAMIC_NO_PIC = NO;
				GCC_OPTIMIZATION_LEVEL = 0;
				GCC_PREPROCESSOR_DEFINITIONS = (
					"DEBUG=1",
					"$(inherited)",
				);
				GCC_SYMBOLS_PRIVATE_EXTERN = NO;
				GCC_WARN_64_TO_32_BIT_CONVERSION = YES;
				GCC_WARN_ABOUT_RETURN_TYPE = YES_ERROR;
				GCC_WARN_UNDECLARED_SELECTOR = YES;
				GCC_WARN_UNINITIALIZED_AUTOS = YES_AGGRESSIVE;
				GCC_WARN_UNUSED_FUNCTION = YES;
				GCC_WARN_UNUSED_VARIABLE = YES;
				IPHONEOS_DEPLOYMENT_TARGET = 7.1;
				ONLY_ACTIVE_ARCH = YES;
				SDKROOT = iphoneos;
			};
			name = Debug;
		};
		50DCEF68199EE58400EC94DC /* Release */ = {
			isa = XCBuildConfiguration;
			buildSettings = {
				ALWAYS_SEARCH_USER_PATHS = NO;
				CLANG_CXX_LANGUAGE_STANDARD = "gnu++0x";
				CLANG_CXX_LIBRARY = "libc++";
				CLANG_ENABLE_MODULES = YES;
				CLANG_ENABLE_OBJC_ARC = YES;
				CLANG_WARN_BOOL_CONVERSION = YES;
				CLANG_WARN_CONSTANT_CONVERSION = YES;
				CLANG_WARN_DIRECT_OBJC_ISA_USAGE = YES_ERROR;
				CLANG_WARN_EMPTY_BODY = YES;
				CLANG_WARN_ENUM_CONVERSION = YES;
				CLANG_WARN_INT_CONVERSION = YES;
				CLANG_WARN_OBJC_ROOT_CLASS = YES_ERROR;
				CLANG_WARN__DUPLICATE_METHOD_MATCH = YES;
				"CODE_SIGN_IDENTITY[sdk=iphoneos*]" = "iPhone Developer";
				COPY_PHASE_STRIP = YES;
				ENABLE_NS_ASSERTIONS = NO;
				GCC_C_LANGUAGE_STANDARD = gnu99;
				GCC_WARN_64_TO_32_BIT_CONVERSION = YES;
				GCC_WARN_ABOUT_RETURN_TYPE = YES_ERROR;
				GCC_WARN_UNDECLARED_SELECTOR = YES;
				GCC_WARN_UNINITIALIZED_AUTOS = YES_AGGRESSIVE;
				GCC_WARN_UNUSED_FUNCTION = YES;
				GCC_WARN_UNUSED_VARIABLE = YES;
				IPHONEOS_DEPLOYMENT_TARGET = 7.1;
				SDKROOT = iphoneos;
				VALIDATE_PRODUCT = YES;
			};
			name = Release;
		};
		50DCEF6A199EE58400EC94DC /* Debug */ = {
			isa = XCBuildConfiguration;
			baseConfigurationReference = A6E6F45DFEA22A06E8A055F3 /* Pods-BFTaskPromiseExample.debug.xcconfig */;
			buildSettings = {
				ASSETCATALOG_COMPILER_APPICON_NAME = AppIcon;
				ASSETCATALOG_COMPILER_LAUNCHIMAGE_NAME = LaunchImage;
				GCC_PRECOMPILE_PREFIX_HEADER = YES;
				GCC_PREFIX_HEADER = "BFTaskPromiseExample/BFTaskPromiseExample-Prefix.pch";
				INFOPLIST_FILE = "BFTaskPromiseExample/BFTaskPromiseExample-Info.plist";
				PRODUCT_NAME = "$(TARGET_NAME)";
				WRAPPER_EXTENSION = app;
			};
			name = Debug;
		};
		50DCEF6B199EE58400EC94DC /* Release */ = {
			isa = XCBuildConfiguration;
			baseConfigurationReference = E41082157BCEAAE4606F23C3 /* Pods-BFTaskPromiseExample.release.xcconfig */;
			buildSettings = {
				ASSETCATALOG_COMPILER_APPICON_NAME = AppIcon;
				ASSETCATALOG_COMPILER_LAUNCHIMAGE_NAME = LaunchImage;
				GCC_PRECOMPILE_PREFIX_HEADER = YES;
				GCC_PREFIX_HEADER = "BFTaskPromiseExample/BFTaskPromiseExample-Prefix.pch";
				INFOPLIST_FILE = "BFTaskPromiseExample/BFTaskPromiseExample-Info.plist";
				PRODUCT_NAME = "$(TARGET_NAME)";
				WRAPPER_EXTENSION = app;
			};
			name = Release;
		};
		50DCEF6D199EE58400EC94DC /* Debug */ = {
			isa = XCBuildConfiguration;
			baseConfigurationReference = FE599E2BC16603292C44AC65 /* Pods-BFTaskPromiseExampleTests.debug.xcconfig */;
			buildSettings = {
				BUNDLE_LOADER = "$(BUILT_PRODUCTS_DIR)/BFTaskPromiseExample.app/BFTaskPromiseExample";
				FRAMEWORK_SEARCH_PATHS = (
					"$(SDKROOT)/Developer/Library/Frameworks",
					"$(inherited)",
					"$(DEVELOPER_FRAMEWORKS_DIR)",
				);
				GCC_PRECOMPILE_PREFIX_HEADER = YES;
				GCC_PREFIX_HEADER = "BFTaskPromiseExample/BFTaskPromiseExample-Prefix.pch";
				GCC_PREPROCESSOR_DEFINITIONS = (
					"DEBUG=1",
					"$(inherited)",
				);
				INFOPLIST_FILE = "BFTaskPromiseExampleTests/BFTaskPromiseExampleTests-Info.plist";
				PRODUCT_NAME = "$(TARGET_NAME)";
				TEST_HOST = "$(BUNDLE_LOADER)";
				WRAPPER_EXTENSION = xctest;
			};
			name = Debug;
		};
		50DCEF6E199EE58400EC94DC /* Release */ = {
			isa = XCBuildConfiguration;
			baseConfigurationReference = 006F9A4B65DDEF532AF2B223 /* Pods-BFTaskPromiseExampleTests.release.xcconfig */;
			buildSettings = {
				BUNDLE_LOADER = "$(BUILT_PRODUCTS_DIR)/BFTaskPromiseExample.app/BFTaskPromiseExample";
				FRAMEWORK_SEARCH_PATHS = (
					"$(SDKROOT)/Developer/Library/Frameworks",
					"$(inherited)",
					"$(DEVELOPER_FRAMEWORKS_DIR)",
				);
				GCC_PRECOMPILE_PREFIX_HEADER = YES;
				GCC_PREFIX_HEADER = "BFTaskPromiseExample/BFTaskPromiseExample-Prefix.pch";
				INFOPLIST_FILE = "BFTaskPromiseExampleTests/BFTaskPromiseExampleTests-Info.plist";
				PRODUCT_NAME = "$(TARGET_NAME)";
				TEST_HOST = "$(BUNDLE_LOADER)";
				WRAPPER_EXTENSION = xctest;
			};
			name = Release;
		};
/* End XCBuildConfiguration section */

/* Begin XCConfigurationList section */
		50DCEF38199EE58400EC94DC /* Build configuration list for PBXProject "BFTaskPromiseExample" */ = {
			isa = XCConfigurationList;
			buildConfigurations = (
				50DCEF67199EE58400EC94DC /* Debug */,
				50DCEF68199EE58400EC94DC /* Release */,
			);
			defaultConfigurationIsVisible = 0;
			defaultConfigurationName = Release;
		};
		50DCEF69199EE58400EC94DC /* Build configuration list for PBXNativeTarget "BFTaskPromiseExample" */ = {
			isa = XCConfigurationList;
			buildConfigurations = (
				50DCEF6A199EE58400EC94DC /* Debug */,
				50DCEF6B199EE58400EC94DC /* Release */,
			);
			defaultConfigurationIsVisible = 0;
			defaultConfigurationName = Release;
		};
		50DCEF6C199EE58400EC94DC /* Build configuration list for PBXNativeTarget "BFTaskPromiseExampleTests" */ = {
			isa = XCConfigurationList;
			buildConfigurations = (
				50DCEF6D199EE58400EC94DC /* Debug */,
				50DCEF6E199EE58400EC94DC /* Release */,
			);
			defaultConfigurationIsVisible = 0;
			defaultConfigurationName = Release;
		};
/* End XCConfigurationList section */
	};
	rootObject = 50DCEF35199EE58400EC94DC /* Project object */;
}
